{
  "object": {
    "pins": [
      {
        "package": "SwiftShell",
        "repositoryURL": "https://github.com/kareman/SwiftShell.git",
        "state": {
          "branch": null,
          "revision": "fb7fc2c9ad8811caf324431a508fb79e3fb74f99",
          "version": "5.0.1"
        }
      },
      {
        "package": "XcodeProject",
        "repositoryURL": "https://github.com/bannzai/XcodeProject.git",
        "state": {
          "branch": null,
          "revision": "4fe44e2a94a9a27142f5ac3e3be381ead9a18554",
          "version": "0.1.5"
        }
      },
      {
        "package": "Yaml",
        "repositoryURL": "https://github.com/behrang/YamlSwift.git",
        "state": {
          "branch": null,
          "revision": "287f5cab7da0d92eb947b5fd8151b203ae04a9a3",
          "version": "3.4.4"
        }
      }
    ]
  },
  "version": 1
}
