{
  "object": {
    "pins": [
      {
        "package": "Commander",
        "repositoryURL": "https://github.com/kylef/Commander.git",
        "state": {
          "branch": null,
          "revision": "4b6133c3071d521489a80c38fb92d7983f19d438",
          "version": "0.9.1"
        }
      },
      {
        "package": "Spectre",
        "repositoryURL": "https://github.com/kylef/Spectre.git",
        "state": {
          "branch": null,
          "revision": "f14ff47f45642aa5703900980b014c2e9394b6e5",
          "version": "0.9.0"
        }
      },
      {
        "package": "Swdifft",
        "repositoryURL": "https://github.com/bannzai/Swdifft.git",
        "state": {
          "branch": null,
          "revision": "e92c79b9da9d2f87b3bfc6411eccf936b72db51e",
          "version": "1.0.3"
        }
      },
      {
        "package": "SwiftShell",
        "repositoryURL": "https://github.com/kareman/SwiftShell.git",
        "state": {
          "branch": null,
          "revision": "fb7fc2c9ad8811caf324431a508fb79e3fb74f99",
          "version": "5.0.1"
        }
      },
      {
        "package": "XcodeProject",
        "repositoryURL": "https://github.com/bannzai/XcodeProject.git",
        "state": {
          "branch": null,
          "revision": "695c2733a9c5a54d4b8a0bba07fdbfb57c480e5f",
          "version": "1.1.0"
        }
      },
      {
        "package": "Yaml",
        "repositoryURL": "https://github.com/behrang/YamlSwift.git",
        "state": {
          "branch": null,
          "revision": "287f5cab7da0d92eb947b5fd8151b203ae04a9a3",
          "version": "3.4.4"
        }
      }
    ]
  },
  "version": 1
}
