{
  "object": {
    "pins": [
      {
        "package": "Gedatsu",
        "repositoryURL": "https://github.com/bannzai/Gedatsu",
        "state": {
          "branch": null,
          "revision": "14d7ecf47cc0fd9b16b1241d391819188dfec1e4",
          "version": "1.0.1"
        }
      }
    ]
  },
  "version": 1
}
